
Microsoft Visual Studio Solution File, Format Version 12.00
# Visual Studio 15
Project("{FAE04EC0-301F-11D3-BF4B-00C04F79EFBC}") = "Assembly-CSharp", "Assembly-CSharp.csproj", "{EE6AE227-70E7-3F6C-8F34-63DF9F126D23}"
EndProject
Project("{FAE04EC0-301F-11D3-BF4B-00C04F79EFBC}") = "Assembly-CSharp-Editor", "Assembly-CSharp-Editor.csproj", "{52A717D6-A5C5-811C-89A0-692D7D334CA9}"
EndProject
Global
	GlobalSection(SolutionConfigurationPlatforms) = preSolution
		Debug|Any CPU = Debug|Any CPU
		Release|Any CPU = Release|Any CPU
	EndGlobalSection
	GlobalSection(ProjectConfigurationPlatforms) = postSolution
		{EE6AE227-70E7-3F6C-8F34-63DF9F126D23}.Debug|Any CPU.ActiveCfg = Debug|Any CPU
		{EE6AE227-70E7-3F6C-8F34-63DF9F126D23}.Debug|Any CPU.Build.0 = Debug|Any CPU
		{EE6AE227-70E7-3F6C-8F34-63DF9F126D23}.Release|Any CPU.ActiveCfg = Release|Any CPU
		{EE6AE227-70E7-3F6C-8F34-63DF9F126D23}.Release|Any CPU.Build.0 = Release|Any CPU
		{52A717D6-A5C5-811C-89A0-692D7D334CA9}.Debug|Any CPU.ActiveCfg = Debug|Any CPU
		{52A717D6-A5C5-811C-89A0-692D7D334CA9}.Debug|Any CPU.Build.0 = Debug|Any CPU
		{52A717D6-A5C5-811C-89A0-692D7D334CA9}.Release|Any CPU.ActiveCfg = Release|Any CPU
		{52A717D6-A5C5-811C-89A0-692D7D334CA9}.Release|Any CPU.Build.0 = Release|Any CPU
	EndGlobalSection
	GlobalSection(SolutionProperties) = preSolution
		HideSolutionNode = FALSE
	EndGlobalSection
EndGlobal
